# Vendored upstream source metadata.
# Update this file via ./scripts/sync-upstreams.sh.

TERMLOOP_UPSTREAM_REPO=https://github.com/feritzcan2/cmux-fork.git
TERMLOOP_UPSTREAM_BRANCH=master
TERMLOOP_UPSTREAM_COMMIT=b80c94300fd4f1e661c96fb1b9c0c66ee3d9630a
TERMLOOP_PATH=termloop

GHOSTTY_REPO=https://github.com/feritzcan2/ghostty.git
GHOSTTY_BRANCH=main
GHOSTTY_COMMIT=08187ef82fa7f5b877f0468257eeabdac8aec74d
# Git tree key for the exact vendored ghostty source used by GhosttyKit prebuilts.
GHOSTTY_TREE_KEY=ba3fc7638dbdf56a752d8bb88719e1d4d9b1e88e
GHOSTTY_PATH=termloop/ghostty

BONSPLIT_REPO=https://github.com/feritzcan2/bonsplit.git
BONSPLIT_BRANCH=main
BONSPLIT_COMMIT=ce2fc16e0ca6b0c4b977456b453b11a3e99efdc0
BONSPLIT_PATH=termloop/vendor/bonsplit
