# Vendored upstream source metadata.
# Update this file via ./scripts/sync-upstreams.sh.

TERMLOOP_UPSTREAM_REPO=https://github.com/feritzcan2/cmux-fork.git
TERMLOOP_UPSTREAM_BRANCH=master
TERMLOOP_UPSTREAM_COMMIT=b80c94300fd4f1e661c96fb1b9c0c66ee3d9630a
TERMLOOP_PATH=termloop

GHOSTTY_REPO=https://github.com/feritzcan2/ghostty.git
GHOSTTY_BRANCH=main
GHOSTTY_COMMIT=3b684a085d40ec79e8a0ae863a4f2b48ed4dba74
GHOSTTY_PATH=termloop/ghostty

HOMEBREW_TERMLOOP_UPSTREAM_REPO=https://github.com/manaflow-ai/homebrew-cmux.git
HOMEBREW_TERMLOOP_UPSTREAM_BRANCH=main
HOMEBREW_TERMLOOP_UPSTREAM_COMMIT=a5f372ecfa5ee3903af6e1faba0eda096b4f5746
HOMEBREW_TERMLOOP_PATH=termloop/homebrew-cmux

BONSPLIT_REPO=https://github.com/feritzcan2/bonsplit.git
BONSPLIT_BRANCH=main
BONSPLIT_COMMIT=ce2fc16e0ca6b0c4b977456b453b11a3e99efdc0
BONSPLIT_PATH=termloop/vendor/bonsplit
